
Microsoft Visual Studio Solution File, Format Version 12.00
# Visual Studio Version 17
VisualStudioVersion = 17.6.33829.357
MinimumVisualStudioVersion = 10.0.40219.1
Project("{FAE04EC0-301F-11D3-BF4B-00C04F79EFBC}") = "Maze", "Maze\Maze.csproj", "{EDB28EA0-B0C2-46E6-BC35-834222698E53}"
EndProject
Project("{FAE04EC0-301F-11D3-BF4B-00C04F79EFBC}") = "StoryMinigame", "StoryMinigame\StoryMinigame.csproj", "{B87F6773-4D63-4BDA-9128-BF0A061DB4BE}"
EndProject
Project("{FAE04EC0-301F-11D3-BF4B-00C04F79EFBC}") = "Shared", "Shared\Shared.csproj", "{63FCAA59-62FD-4EEA-AEB8-AC199FD0508B}"
EndProject
Project("{FAE04EC0-301F-11D3-BF4B-00C04F79EFBC}") = "ModelMiniGame", "ModelMiniGame\ModelMiniGame.csproj", "{9F0563A8-2B91-BB4E-1C6F-DE0B28AF96CE}"
EndProject
Project("{FAE04EC0-301F-11D3-BF4B-00C04F79EFBC}") = "Language Model", "Language Model\Language Model.csproj", "{90275B20-43B7-BD70-5D77-40DA24235DB5}"
EndProject
Project("{FAE04EC0-301F-11D3-BF4B-00C04F79EFBC}") = "MLModel1_WebApi1", "MLModel1_WebApi1\MLModel1_WebApi1.csproj", "{576D82A3-379F-4216-D570-7044139F3B30}"
EndProject
Project("{FAE04EC0-301F-11D3-BF4B-00C04F79EFBC}") = "QuestionGame", "QuestionGame\QuestionGame.csproj", "{8F5A2B57-F18E-4D0A-B4C7-18184743DC74}"
EndProject
Project("{2150E333-8FDC-42A3-9474-1A3956D46DE8}") = "Domain", "Domain", "{02EA681E-C7D8-13C7-8484-4AC65E1B71E8}"
EndProject
Project("{2150E333-8FDC-42A3-9474-1A3956D46DE8}") = "Bussiness", "Bussiness", "{7CBBA71B-E49C-41B7-8FCE-AA896BEA7735}"
EndProject
Project("{FAE04EC0-301F-11D3-BF4B-00C04F79EFBC}") = "RouleteGame", "RouleteGame\RouleteGame.csproj", "{DD6C0C24-6E58-497B-B852-3A7AA03EBCA9}"
EndProject
Project("{2150E333-8FDC-42A3-9474-1A3956D46DE8}") = "Data", "Data", "{1360C68C-D6ED-4624-BF7D-51788293DD17}"
EndProject
Global
	GlobalSection(SolutionConfigurationPlatforms) = preSolution
		Debug|Any CPU = Debug|Any CPU
		Release|Any CPU = Release|Any CPU
	EndGlobalSection
	GlobalSection(ProjectConfigurationPlatforms) = postSolution
		{EDB28EA0-B0C2-46E6-BC35-834222698E53}.Debug|Any CPU.ActiveCfg = Debug|Any CPU
		{EDB28EA0-B0C2-46E6-BC35-834222698E53}.Debug|Any CPU.Build.0 = Debug|Any CPU
		{EDB28EA0-B0C2-46E6-BC35-834222698E53}.Release|Any CPU.ActiveCfg = Release|Any CPU
		{EDB28EA0-B0C2-46E6-BC35-834222698E53}.Release|Any CPU.Build.0 = Release|Any CPU
		{B87F6773-4D63-4BDA-9128-BF0A061DB4BE}.Debug|Any CPU.ActiveCfg = Debug|Any CPU
		{B87F6773-4D63-4BDA-9128-BF0A061DB4BE}.Debug|Any CPU.Build.0 = Debug|Any CPU
		{B87F6773-4D63-4BDA-9128-BF0A061DB4BE}.Release|Any CPU.ActiveCfg = Release|Any CPU
		{B87F6773-4D63-4BDA-9128-BF0A061DB4BE}.Release|Any CPU.Build.0 = Release|Any CPU
		{63FCAA59-62FD-4EEA-AEB8-AC199FD0508B}.Debug|Any CPU.ActiveCfg = Debug|Any CPU
		{63FCAA59-62FD-4EEA-AEB8-AC199FD0508B}.Debug|Any CPU.Build.0 = Debug|Any CPU
		{63FCAA59-62FD-4EEA-AEB8-AC199FD0508B}.Release|Any CPU.ActiveCfg = Release|Any CPU
		{63FCAA59-62FD-4EEA-AEB8-AC199FD0508B}.Release|Any CPU.Build.0 = Release|Any CPU
		{9F0563A8-2B91-BB4E-1C6F-DE0B28AF96CE}.Debug|Any CPU.ActiveCfg = Debug|Any CPU
		{9F0563A8-2B91-BB4E-1C6F-DE0B28AF96CE}.Debug|Any CPU.Build.0 = Debug|Any CPU
		{9F0563A8-2B91-BB4E-1C6F-DE0B28AF96CE}.Release|Any CPU.ActiveCfg = Release|Any CPU
		{9F0563A8-2B91-BB4E-1C6F-DE0B28AF96CE}.Release|Any CPU.Build.0 = Release|Any CPU
		{90275B20-43B7-BD70-5D77-40DA24235DB5}.Debug|Any CPU.ActiveCfg = Debug|Any CPU
		{90275B20-43B7-BD70-5D77-40DA24235DB5}.Debug|Any CPU.Build.0 = Debug|Any CPU
		{90275B20-43B7-BD70-5D77-40DA24235DB5}.Release|Any CPU.ActiveCfg = Release|Any CPU
		{90275B20-43B7-BD70-5D77-40DA24235DB5}.Release|Any CPU.Build.0 = Release|Any CPU
		{576D82A3-379F-4216-D570-7044139F3B30}.Debug|Any CPU.ActiveCfg = Debug|Any CPU
		{576D82A3-379F-4216-D570-7044139F3B30}.Debug|Any CPU.Build.0 = Debug|Any CPU
		{576D82A3-379F-4216-D570-7044139F3B30}.Release|Any CPU.ActiveCfg = Release|Any CPU
		{576D82A3-379F-4216-D570-7044139F3B30}.Release|Any CPU.Build.0 = Release|Any CPU
		{8F5A2B57-F18E-4D0A-B4C7-18184743DC74}.Debug|Any CPU.ActiveCfg = Debug|Any CPU
		{8F5A2B57-F18E-4D0A-B4C7-18184743DC74}.Debug|Any CPU.Build.0 = Debug|Any CPU
		{8F5A2B57-F18E-4D0A-B4C7-18184743DC74}.Release|Any CPU.ActiveCfg = Release|Any CPU
		{8F5A2B57-F18E-4D0A-B4C7-18184743DC74}.Release|Any CPU.Build.0 = Release|Any CPU
		{DD6C0C24-6E58-497B-B852-3A7AA03EBCA9}.Debug|Any CPU.ActiveCfg = Debug|Any CPU
		{DD6C0C24-6E58-497B-B852-3A7AA03EBCA9}.Debug|Any CPU.Build.0 = Debug|Any CPU
		{DD6C0C24-6E58-497B-B852-3A7AA03EBCA9}.Release|Any CPU.ActiveCfg = Release|Any CPU
		{DD6C0C24-6E58-497B-B852-3A7AA03EBCA9}.Release|Any CPU.Build.0 = Release|Any CPU
	EndGlobalSection
	GlobalSection(SolutionProperties) = preSolution
		HideSolutionNode = FALSE
	EndGlobalSection
	GlobalSection(NestedProjects) = preSolution
		{EDB28EA0-B0C2-46E6-BC35-834222698E53} = {7CBBA71B-E49C-41B7-8FCE-AA896BEA7735}
		{B87F6773-4D63-4BDA-9128-BF0A061DB4BE} = {02EA681E-C7D8-13C7-8484-4AC65E1B71E8}
		{63FCAA59-62FD-4EEA-AEB8-AC199FD0508B} = {02EA681E-C7D8-13C7-8484-4AC65E1B71E8}
		{9F0563A8-2B91-BB4E-1C6F-DE0B28AF96CE} = {02EA681E-C7D8-13C7-8484-4AC65E1B71E8}
		{90275B20-43B7-BD70-5D77-40DA24235DB5} = {1360C68C-D6ED-4624-BF7D-51788293DD17}
		{576D82A3-379F-4216-D570-7044139F3B30} = {7CBBA71B-E49C-41B7-8FCE-AA896BEA7735}
		{8F5A2B57-F18E-4D0A-B4C7-18184743DC74} = {02EA681E-C7D8-13C7-8484-4AC65E1B71E8}
		{DD6C0C24-6E58-497B-B852-3A7AA03EBCA9} = {02EA681E-C7D8-13C7-8484-4AC65E1B71E8}
	EndGlobalSection
	GlobalSection(ExtensibilityGlobals) = postSolution
		SolutionGuid = {A6DC618B-3BA1-4F77-9330-93ACEBCF35C1}
	EndGlobalSection
EndGlobal
